
Microsoft Visual Studio Solution File, Format Version 12.00
# Visual Studio Version 17
VisualStudioVersion = 17.7.34221.43
MinimumVisualStudioVersion = 10.0.40219.1
Project("{FAE04EC0-301F-11D3-BF4B-00C04F79EFBC}") = "Library", "Library\Library.csproj", "{15F46127-7FA2-4A33-B618-95868333CB1A}"
EndProject
Project("{FAE04EC0-301F-11D3-BF4B-00C04F79EFBC}") = "UnitTestProject", "UnitTestProject\UnitTestProject.csproj", "{989DAE0E-D1AF-4B58-98D6-75BE7F6B6009}"
EndProject
Global
	GlobalSection(SolutionConfigurationPlatforms) = preSolution
		Debug|Any CPU = Debug|Any CPU
		Release|Any CPU = Release|Any CPU
	EndGlobalSection
	GlobalSection(ProjectConfigurationPlatforms) = postSolution
		{15F46127-7FA2-4A33-B618-95868333CB1A}.Debug|Any CPU.ActiveCfg = Debug|Any CPU
		{15F46127-7FA2-4A33-B618-95868333CB1A}.Debug|Any CPU.Build.0 = Debug|Any CPU
		{15F46127-7FA2-4A33-B618-95868333CB1A}.Release|Any CPU.ActiveCfg = Release|Any CPU
		{15F46127-7FA2-4A33-B618-95868333CB1A}.Release|Any CPU.Build.0 = Release|Any CPU
		{989DAE0E-D1AF-4B58-98D6-75BE7F6B6009}.Debug|Any CPU.ActiveCfg = Debug|Any CPU
		{989DAE0E-D1AF-4B58-98D6-75BE7F6B6009}.Debug|Any CPU.Build.0 = Debug|Any CPU
		{989DAE0E-D1AF-4B58-98D6-75BE7F6B6009}.Release|Any CPU.ActiveCfg = Release|Any CPU
		{989DAE0E-D1AF-4B58-98D6-75BE7F6B6009}.Release|Any CPU.Build.0 = Release|Any CPU
	EndGlobalSection
	GlobalSection(SolutionProperties) = preSolution
		HideSolutionNode = FALSE
	EndGlobalSection
	GlobalSection(ExtensibilityGlobals) = postSolution
		SolutionGuid = {3DB93964-E69F-477A-AAA1-16E3059AC0EE}
	EndGlobalSection
EndGlobal
